
Microsoft Visual Studio Solution File, Format Version 12.00
# Visual Studio Version 16
VisualStudioVersion = 16.0.30804.86
MinimumVisualStudioVersion = 15.0.26124.0
Project("{2150E333-8FDC-42A3-9474-1A3956D46DE8}") = "Solution Items", "Solution Items", "{702D64A4-FE1D-4B18-9B60-0ED4CAD60CE8}"
	ProjectSection(SolutionItems) = preProject
		XamlStyler.Settings.json = XamlStyler.Settings.json
	EndProjectSection
EndProject
Project("{9A19103F-16F7-4668-BE54-9A1E7A4F7556}") = "WindowCapture", "WindowCapture\WindowCapture.csproj", "{50CF478E-33EB-48E3-9B4B-198BED7C97F9}"
EndProject
Project("{9A19103F-16F7-4668-BE54-9A1E7A4F7556}") = "WindowCapture.App", "WindowCapture.App\WindowCapture.App.csproj", "{B368D3E3-E9FD-4B5C-B781-FCE9FEB4E61B}"
EndProject
Project("{FAE04EC0-301F-11D3-BF4B-00C04F79EFBC}") = "WindowCapture.Test", "WindowCapture.Test\WindowCapture.Test.csproj", "{35D5041D-2B9A-42AD-A05C-078D9B0945D3}"
EndProject
Global
	GlobalSection(SolutionConfigurationPlatforms) = preSolution
		Debug|Any CPU = Debug|Any CPU
		Debug|x64 = Debug|x64
		Debug|x86 = Debug|x86
		Release|Any CPU = Release|Any CPU
		Release|x64 = Release|x64
		Release|x86 = Release|x86
	EndGlobalSection
	GlobalSection(ProjectConfigurationPlatforms) = postSolution
		{50CF478E-33EB-48E3-9B4B-198BED7C97F9}.Debug|Any CPU.ActiveCfg = Debug|Any CPU
		{50CF478E-33EB-48E3-9B4B-198BED7C97F9}.Debug|Any CPU.Build.0 = Debug|Any CPU
		{50CF478E-33EB-48E3-9B4B-198BED7C97F9}.Debug|x64.ActiveCfg = Debug|Any CPU
		{50CF478E-33EB-48E3-9B4B-198BED7C97F9}.Debug|x64.Build.0 = Debug|Any CPU
		{50CF478E-33EB-48E3-9B4B-198BED7C97F9}.Debug|x86.ActiveCfg = Debug|Any CPU
		{50CF478E-33EB-48E3-9B4B-198BED7C97F9}.Debug|x86.Build.0 = Debug|Any CPU
		{50CF478E-33EB-48E3-9B4B-198BED7C97F9}.Release|Any CPU.ActiveCfg = Release|Any CPU
		{50CF478E-33EB-48E3-9B4B-198BED7C97F9}.Release|Any CPU.Build.0 = Release|Any CPU
		{50CF478E-33EB-48E3-9B4B-198BED7C97F9}.Release|x64.ActiveCfg = Release|Any CPU
		{50CF478E-33EB-48E3-9B4B-198BED7C97F9}.Release|x64.Build.0 = Release|Any CPU
		{50CF478E-33EB-48E3-9B4B-198BED7C97F9}.Release|x86.ActiveCfg = Release|Any CPU
		{50CF478E-33EB-48E3-9B4B-198BED7C97F9}.Release|x86.Build.0 = Release|Any CPU
		{B368D3E3-E9FD-4B5C-B781-FCE9FEB4E61B}.Debug|Any CPU.ActiveCfg = Debug|Any CPU
		{B368D3E3-E9FD-4B5C-B781-FCE9FEB4E61B}.Debug|Any CPU.Build.0 = Debug|Any CPU
		{B368D3E3-E9FD-4B5C-B781-FCE9FEB4E61B}.Debug|x64.ActiveCfg = Debug|Any CPU
		{B368D3E3-E9FD-4B5C-B781-FCE9FEB4E61B}.Debug|x64.Build.0 = Debug|Any CPU
		{B368D3E3-E9FD-4B5C-B781-FCE9FEB4E61B}.Debug|x86.ActiveCfg = Debug|Any CPU
		{B368D3E3-E9FD-4B5C-B781-FCE9FEB4E61B}.Debug|x86.Build.0 = Debug|Any CPU
		{B368D3E3-E9FD-4B5C-B781-FCE9FEB4E61B}.Release|Any CPU.ActiveCfg = Release|Any CPU
		{B368D3E3-E9FD-4B5C-B781-FCE9FEB4E61B}.Release|Any CPU.Build.0 = Release|Any CPU
		{B368D3E3-E9FD-4B5C-B781-FCE9FEB4E61B}.Release|x64.ActiveCfg = Release|Any CPU
		{B368D3E3-E9FD-4B5C-B781-FCE9FEB4E61B}.Release|x64.Build.0 = Release|Any CPU
		{B368D3E3-E9FD-4B5C-B781-FCE9FEB4E61B}.Release|x86.ActiveCfg = Release|Any CPU
		{B368D3E3-E9FD-4B5C-B781-FCE9FEB4E61B}.Release|x86.Build.0 = Release|Any CPU
		{35D5041D-2B9A-42AD-A05C-078D9B0945D3}.Debug|Any CPU.ActiveCfg = Debug|Any CPU
		{35D5041D-2B9A-42AD-A05C-078D9B0945D3}.Debug|Any CPU.Build.0 = Debug|Any CPU
		{35D5041D-2B9A-42AD-A05C-078D9B0945D3}.Debug|x64.ActiveCfg = Debug|Any CPU
		{35D5041D-2B9A-42AD-A05C-078D9B0945D3}.Debug|x64.Build.0 = Debug|Any CPU
		{35D5041D-2B9A-42AD-A05C-078D9B0945D3}.Debug|x86.ActiveCfg = Debug|Any CPU
		{35D5041D-2B9A-42AD-A05C-078D9B0945D3}.Debug|x86.Build.0 = Debug|Any CPU
		{35D5041D-2B9A-42AD-A05C-078D9B0945D3}.Release|Any CPU.ActiveCfg = Release|Any CPU
		{35D5041D-2B9A-42AD-A05C-078D9B0945D3}.Release|Any CPU.Build.0 = Release|Any CPU
		{35D5041D-2B9A-42AD-A05C-078D9B0945D3}.Release|x64.ActiveCfg = Release|Any CPU
		{35D5041D-2B9A-42AD-A05C-078D9B0945D3}.Release|x64.Build.0 = Release|Any CPU
		{35D5041D-2B9A-42AD-A05C-078D9B0945D3}.Release|x86.ActiveCfg = Release|Any CPU
		{35D5041D-2B9A-42AD-A05C-078D9B0945D3}.Release|x86.Build.0 = Release|Any CPU
	EndGlobalSection
	GlobalSection(SolutionProperties) = preSolution
		HideSolutionNode = FALSE
	EndGlobalSection
	GlobalSection(ExtensibilityGlobals) = postSolution
		SolutionGuid = {ABC4D784-0C6C-4835-9106-3E5004E685A8}
	EndGlobalSection
EndGlobal
